{
  "name": "ayva-helloworld",
  "version": "1.0.0",
  "lockfileVersion": 1,
  "requires": true,
  "dependencies": {
    "ayva": {
      "version": "0.0.2",
      "resolved": "https://registry.npmjs.org/ayva/-/ayva-0.0.2.tgz",
      "integrity": "sha512-vYYTcogqMKWPAjRgPAytScY08ykJnKg4M73QHYMQN91ikXgxBOI+H+x4PtqsNGD/B5fjtT9TjJ5vGYRCtG2rkg=="
    }
  }
}
